
Microsoft Visual Studio Solution File, Format Version 12.00
# Visual Studio Version 16
VisualStudioVersion = 16.0.31729.503
MinimumVisualStudioVersion = 10.0.40219.1
Project("{FAE04EC0-301F-11D3-BF4B-00C04F79EFBC}") = "MingitavSozlukMobile.Android", "MingitavSozlukMobile\MingitavSozlukMobile.Android\MingitavSozlukMobile.Android.csproj", "{9981E290-68D4-4498-85C5-2398B935F33A}"
EndProject
Project("{FAE04EC0-301F-11D3-BF4B-00C04F79EFBC}") = "MingitavSozlukMobile.iOS", "MingitavSozlukMobile\MingitavSozlukMobile.iOS\MingitavSozlukMobile.iOS.csproj", "{8B70EA34-7335-49F2-8FA7-2F4A0BB69A81}"
EndProject
Project("{9A19103F-16F7-4668-BE54-9A1E7A4F7556}") = "MingitavSozlukMobile", "MingitavSozlukMobile\MingitavSozlukMobile\MingitavSozlukMobile.csproj", "{D42EBFCC-5CE7-45EA-934A-392802E446EC}"
EndProject
Global
	GlobalSection(SolutionConfigurationPlatforms) = preSolution
		Debug|Any CPU = Debug|Any CPU
		Debug|iPhone = Debug|iPhone
		Debug|iPhoneSimulator = Debug|iPhoneSimulator
		Release|Any CPU = Release|Any CPU
		Release|iPhone = Release|iPhone
		Release|iPhoneSimulator = Release|iPhoneSimulator
	EndGlobalSection
	GlobalSection(ProjectConfigurationPlatforms) = postSolution
		{9981E290-68D4-4498-85C5-2398B935F33A}.Debug|Any CPU.ActiveCfg = Debug|Any CPU
		{9981E290-68D4-4498-85C5-2398B935F33A}.Debug|Any CPU.Build.0 = Debug|Any CPU
		{9981E290-68D4-4498-85C5-2398B935F33A}.Debug|Any CPU.Deploy.0 = Debug|Any CPU
		{9981E290-68D4-4498-85C5-2398B935F33A}.Debug|iPhone.ActiveCfg = Debug|Any CPU
		{9981E290-68D4-4498-85C5-2398B935F33A}.Debug|iPhone.Build.0 = Debug|Any CPU
		{9981E290-68D4-4498-85C5-2398B935F33A}.Debug|iPhone.Deploy.0 = Debug|Any CPU
		{9981E290-68D4-4498-85C5-2398B935F33A}.Debug|iPhoneSimulator.ActiveCfg = Debug|Any CPU
		{9981E290-68D4-4498-85C5-2398B935F33A}.Debug|iPhoneSimulator.Build.0 = Debug|Any CPU
		{9981E290-68D4-4498-85C5-2398B935F33A}.Debug|iPhoneSimulator.Deploy.0 = Debug|Any CPU
		{9981E290-68D4-4498-85C5-2398B935F33A}.Release|Any CPU.ActiveCfg = Release|Any CPU
		{9981E290-68D4-4498-85C5-2398B935F33A}.Release|Any CPU.Build.0 = Release|Any CPU
		{9981E290-68D4-4498-85C5-2398B935F33A}.Release|Any CPU.Deploy.0 = Release|Any CPU
		{9981E290-68D4-4498-85C5-2398B935F33A}.Release|iPhone.ActiveCfg = Release|Any CPU
		{9981E290-68D4-4498-85C5-2398B935F33A}.Release|iPhone.Build.0 = Release|Any CPU
		{9981E290-68D4-4498-85C5-2398B935F33A}.Release|iPhone.Deploy.0 = Release|Any CPU
		{9981E290-68D4-4498-85C5-2398B935F33A}.Release|iPhoneSimulator.ActiveCfg = Release|Any CPU
		{9981E290-68D4-4498-85C5-2398B935F33A}.Release|iPhoneSimulator.Build.0 = Release|Any CPU
		{9981E290-68D4-4498-85C5-2398B935F33A}.Release|iPhoneSimulator.Deploy.0 = Release|Any CPU
		{8B70EA34-7335-49F2-8FA7-2F4A0BB69A81}.Debug|Any CPU.ActiveCfg = Debug|iPhone
		{8B70EA34-7335-49F2-8FA7-2F4A0BB69A81}.Debug|Any CPU.Build.0 = Debug|iPhone
		{8B70EA34-7335-49F2-8FA7-2F4A0BB69A81}.Debug|Any CPU.Deploy.0 = Debug|iPhone
		{8B70EA34-7335-49F2-8FA7-2F4A0BB69A81}.Debug|iPhone.ActiveCfg = Debug|iPhone
		{8B70EA34-7335-49F2-8FA7-2F4A0BB69A81}.Debug|iPhone.Build.0 = Debug|iPhone
		{8B70EA34-7335-49F2-8FA7-2F4A0BB69A81}.Debug|iPhone.Deploy.0 = Debug|iPhone
		{8B70EA34-7335-49F2-8FA7-2F4A0BB69A81}.Debug|iPhoneSimulator.ActiveCfg = Debug|iPhoneSimulator
		{8B70EA34-7335-49F2-8FA7-2F4A0BB69A81}.Debug|iPhoneSimulator.Build.0 = Debug|iPhoneSimulator
		{8B70EA34-7335-49F2-8FA7-2F4A0BB69A81}.Debug|iPhoneSimulator.Deploy.0 = Debug|iPhoneSimulator
		{8B70EA34-7335-49F2-8FA7-2F4A0BB69A81}.Release|Any CPU.ActiveCfg = Release|iPhoneSimulator
		{8B70EA34-7335-49F2-8FA7-2F4A0BB69A81}.Release|Any CPU.Build.0 = Release|iPhoneSimulator
		{8B70EA34-7335-49F2-8FA7-2F4A0BB69A81}.Release|Any CPU.Deploy.0 = Release|iPhoneSimulator
		{8B70EA34-7335-49F2-8FA7-2F4A0BB69A81}.Release|iPhone.ActiveCfg = Release|iPhone
		{8B70EA34-7335-49F2-8FA7-2F4A0BB69A81}.Release|iPhone.Build.0 = Release|iPhone
		{8B70EA34-7335-49F2-8FA7-2F4A0BB69A81}.Release|iPhone.Deploy.0 = Release|iPhone
		{8B70EA34-7335-49F2-8FA7-2F4A0BB69A81}.Release|iPhoneSimulator.ActiveCfg = Release|iPhoneSimulator
		{8B70EA34-7335-49F2-8FA7-2F4A0BB69A81}.Release|iPhoneSimulator.Build.0 = Release|iPhoneSimulator
		{8B70EA34-7335-49F2-8FA7-2F4A0BB69A81}.Release|iPhoneSimulator.Deploy.0 = Release|iPhoneSimulator
		{D42EBFCC-5CE7-45EA-934A-392802E446EC}.Debug|Any CPU.ActiveCfg = Debug|Any CPU
		{D42EBFCC-5CE7-45EA-934A-392802E446EC}.Debug|Any CPU.Build.0 = Debug|Any CPU
		{D42EBFCC-5CE7-45EA-934A-392802E446EC}.Debug|Any CPU.Deploy.0 = Debug|Any CPU
		{D42EBFCC-5CE7-45EA-934A-392802E446EC}.Debug|iPhone.ActiveCfg = Debug|Any CPU
		{D42EBFCC-5CE7-45EA-934A-392802E446EC}.Debug|iPhone.Build.0 = Debug|Any CPU
		{D42EBFCC-5CE7-45EA-934A-392802E446EC}.Debug|iPhone.Deploy.0 = Debug|Any CPU
		{D42EBFCC-5CE7-45EA-934A-392802E446EC}.Debug|iPhoneSimulator.ActiveCfg = Debug|Any CPU
		{D42EBFCC-5CE7-45EA-934A-392802E446EC}.Debug|iPhoneSimulator.Build.0 = Debug|Any CPU
		{D42EBFCC-5CE7-45EA-934A-392802E446EC}.Debug|iPhoneSimulator.Deploy.0 = Debug|Any CPU
		{D42EBFCC-5CE7-45EA-934A-392802E446EC}.Release|Any CPU.ActiveCfg = Release|Any CPU
		{D42EBFCC-5CE7-45EA-934A-392802E446EC}.Release|Any CPU.Build.0 = Release|Any CPU
		{D42EBFCC-5CE7-45EA-934A-392802E446EC}.Release|Any CPU.Deploy.0 = Release|Any CPU
		{D42EBFCC-5CE7-45EA-934A-392802E446EC}.Release|iPhone.ActiveCfg = Release|Any CPU
		{D42EBFCC-5CE7-45EA-934A-392802E446EC}.Release|iPhone.Build.0 = Release|Any CPU
		{D42EBFCC-5CE7-45EA-934A-392802E446EC}.Release|iPhone.Deploy.0 = Release|Any CPU
		{D42EBFCC-5CE7-45EA-934A-392802E446EC}.Release|iPhoneSimulator.ActiveCfg = Release|Any CPU
		{D42EBFCC-5CE7-45EA-934A-392802E446EC}.Release|iPhoneSimulator.Build.0 = Release|Any CPU
		{D42EBFCC-5CE7-45EA-934A-392802E446EC}.Release|iPhoneSimulator.Deploy.0 = Release|Any CPU
	EndGlobalSection
	GlobalSection(SolutionProperties) = preSolution
		HideSolutionNode = FALSE
	EndGlobalSection
	GlobalSection(ExtensibilityGlobals) = postSolution
		SolutionGuid = {258B6961-1B85-4C2A-B4F5-CBAE42109B61}
	EndGlobalSection
EndGlobal
